{
    "_meta": {
        "hash": {
            "sha256": "fba50410545d38a2f88b8d6964eb292055389e363b5c75a56b01ec80e7de14c1"
        },
        "pipfile-spec": 6,
        "requires": {
            "python_version": "2.7"
        },
        "sources": [
            {
                "name": "pypi",
                "url": "https://pypi.org/simple",
                "verify_ssl": true
            }
        ]
    },
    "default": {
        "requests": {
            "hashes": [
                "sha256:156bf3ec27ba9ec7e0cf8fbe02808718099d218de403eb64a714d73ba1a29ab1"
            ],
            "index": "pypi",
            "version": "==1.2.3"
        }
    },
    "develop": {}
}
