// !$*UTF8*$!
{
	archiveVersion = 1;
	classes = {
	};
	objectVersion = 56;
	objects = {

/* Begin PBXBuildFile section */
		DDB92B03291B0A9800B44050 /* MainApp.swift in Sources */ = {isa = PBXBuildFile; fileRef = DDB92B02291B0A9800B44050 /* MainApp.swift */; };
		DDB92B05291B0A9800B44050 /* ContentView.swift in Sources */ = {isa = PBXBuildFile; fileRef = DDB92B04291B0A9800B44050 /* ContentView.swift */; };
		DDB92B07291B0A9B00B44050 /* Assets.xcassets in Resources */ = {isa = PBXBuildFile; fileRef = DDB92B06291B0A9B00B44050 /* Assets.xcassets */; };
		DDB92B0A291B0A9B00B44050 /* Preview Assets.xcassets in Resources */ = {isa = PBXBuildFile; fileRef = DDB92B09291B0A9B00B44050 /* Preview Assets.xcassets */; };
		DDB92B14291B0A9B00B44050 /* MainTests.swift in Sources */ = {isa = PBXBuildFile; fileRef = DDB92B13291B0A9B00B44050 /* MainTests.swift */; };
		DDB92B1E291B0A9B00B44050 /* MainUITests.swift in Sources */ = {isa = PBXBuildFile; fileRef = DDB92B1D291B0A9B00B44050 /* MainUITests.swift */; };
		DDB92B20291B0A9B00B44050 /* MainUITestsLaunchTests.swift in Sources */ = {isa = PBXBuildFile; fileRef = DDB92B1F291B0A9B00B44050 /* MainUITestsLaunchTests.swift */; };
/* End PBXBuildFile section */

/* Begin PBXContainerItemProxy section */
		DDB92B10291B0A9B00B44050 /* PBXContainerItemProxy */ = {
			isa = PBXContainerItemProxy;
			containerPortal = DDB92AF7291B0A9800B44050 /* Project object */;
			proxyType = 1;
			remoteGlobalIDString = DDB92AFE291B0A9800B44050;
			remoteInfo = Main;
		};
		DDB92B1A291B0A9B00B44050 /* PBXContainerItemProxy */ = {
			isa = PBXContainerItemProxy;
			containerPortal = DDB92AF7291B0A9800B44050 /* Project object */;
			proxyType = 1;
			remoteGlobalIDString = DDB92AFE291B0A9800B44050;
			remoteInfo = Main;
		};
/* End PBXContainerItemProxy section */

/* Begin PBXFileReference section */
		DDB92AFF291B0A9800B44050 /* Main.app */ = {isa = PBXFileReference; explicitFileType = wrapper.application; includeInIndex = 0; path = Main.app; sourceTree = BUILT_PRODUCTS_DIR; };
		DDB92B02291B0A9800B44050 /* MainApp.swift */ = {isa = PBXFileReference; lastKnownFileType = sourcecode.swift; path = MainApp.swift; sourceTree = "<group>"; };
		DDB92B04291B0A9800B44050 /* ContentView.swift */ = {isa = PBXFileReference; lastKnownFileType = sourcecode.swift; path = ContentView.swift; sourceTree = "<group>"; };
		DDB92B06291B0A9B00B44050 /* Assets.xcassets */ = {isa = PBXFileReference; lastKnownFileType = folder.assetcatalog; path = Assets.xcassets; sourceTree = "<group>"; };
		DDB92B09291B0A9B00B44050 /* Preview Assets.xcassets */ = {isa = PBXFileReference; lastKnownFileType = folder.assetcatalog; path = "Preview Assets.xcassets"; sourceTree = "<group>"; };
		DDB92B0F291B0A9B00B44050 /* MainTests.xctest */ = {isa = PBXFileReference; explicitFileType = wrapper.cfbundle; includeInIndex = 0; path = MainTests.xctest; sourceTree = BUILT_PRODUCTS_DIR; };
		DDB92B13291B0A9B00B44050 /* MainTests.swift */ = {isa = PBXFileReference; lastKnownFileType = sourcecode.swift; path = MainTests.swift; sourceTree = "<group>"; };
		DDB92B19291B0A9B00B44050 /* MainUITests.xctest */ = {isa = PBXFileReference; explicitFileType = wrapper.cfbundle; includeInIndex = 0; path = MainUITests.xctest; sourceTree = BUILT_PRODUCTS_DIR; };
		DDB92B1D291B0A9B00B44050 /* MainUITests.swift */ = {isa = PBXFileReference; lastKnownFileType = sourcecode.swift; path = MainUITests.swift; sourceTree = "<group>"; };
		DDB92B1F291B0A9B00B44050 /* MainUITestsLaunchTests.swift */ = {isa = PBXFileReference; lastKnownFileType = sourcecode.swift; path = MainUITestsLaunchTests.swift; sourceTree = "<group>"; };
/* End PBXFileReference section */

/* Begin PBXFrameworksBuildPhase section */
		DDB92AFC291B0A9800B44050 /* Frameworks */ = {
			isa = PBXFrameworksBuildPhase;
			buildActionMask = 2147483647;
			files = (
			);
			runOnlyForDeploymentPostprocessing = 0;
		};
		DDB92B0C291B0A9B00B44050 /* Frameworks */ = {
			isa = PBXFrameworksBuildPhase;
			buildActionMask = 2147483647;
			files = (
			);
			runOnlyForDeploymentPostprocessing = 0;
		};
		DDB92B16291B0A9B00B44050 /* Frameworks */ = {
			isa = PBXFrameworksBuildPhase;
			buildActionMask = 2147483647;
			files = (
			);
			runOnlyForDeploymentPostprocessing = 0;
		};
/* End PBXFrameworksBuildPhase section */

/* Begin PBXGroup section */
		DDB92AF6291B0A9800B44050 = {
			isa = PBXGroup;
			children = (
				DDB92B01291B0A9800B44050 /* Main */,
				DDB92B12291B0A9B00B44050 /* MainTests */,
				DDB92B1C291B0A9B00B44050 /* MainUITests */,
				DDB92B00291B0A9800B44050 /* Products */,
			);
			sourceTree = "<group>";
		};
		DDB92B00291B0A9800B44050 /* Products */ = {
			isa = PBXGroup;
			children = (
				DDB92AFF291B0A9800B44050 /* Main.app */,
				DDB92B0F291B0A9B00B44050 /* MainTests.xctest */,
				DDB92B19291B0A9B00B44050 /* MainUITests.xctest */,
			);
			name = Products;
			sourceTree = "<group>";
		};
		DDB92B01291B0A9800B44050 /* Main */ = {
			isa = PBXGroup;
			children = (
				DDB92B02291B0A9800B44050 /* MainApp.swift */,
				DDB92B04291B0A9800B44050 /* ContentView.swift */,
				DDB92B06291B0A9B00B44050 /* Assets.xcassets */,
				DDB92B08291B0A9B00B44050 /* Preview Content */,
			);
			path = Main;
			sourceTree = "<group>";
		};
		DDB92B08291B0A9B00B44050 /* Preview Content */ = {
			isa = PBXGroup;
			children = (
				DDB92B09291B0A9B00B44050 /* Preview Assets.xcassets */,
			);
			path = "Preview Content";
			sourceTree = "<group>";
		};
		DDB92B12291B0A9B00B44050 /* MainTests */ = {
			isa = PBXGroup;
			children = (
				DDB92B13291B0A9B00B44050 /* MainTests.swift */,
			);
			path = MainTests;
			sourceTree = "<group>";
		};
		DDB92B1C291B0A9B00B44050 /* MainUITests */ = {
			isa = PBXGroup;
			children = (
				DDB92B1D291B0A9B00B44050 /* MainUITests.swift */,
				DDB92B1F291B0A9B00B44050 /* MainUITestsLaunchTests.swift */,
			);
			path = MainUITests;
			sourceTree = "<group>";
		};
/* End PBXGroup section */

/* Begin PBXNativeTarget section */
		DDB92AFE291B0A9800B44050 /* Main */ = {
			isa = PBXNativeTarget;
			buildConfigurationList = DDB92B23291B0A9B00B44050 /* Build configuration list for PBXNativeTarget "Main" */;
			buildPhases = (
				DDB92AFB291B0A9800B44050 /* Sources */,
				DDB92AFC291B0A9800B44050 /* Frameworks */,
				DDB92AFD291B0A9800B44050 /* Resources */,
			);
			buildRules = (
			);
			dependencies = (
			);
			name = Main;
			productName = Main;
			productReference = DDB92AFF291B0A9800B44050 /* Main.app */;
			productType = "com.apple.product-type.application";
		};
		DDB92B0E291B0A9B00B44050 /* MainTests */ = {
			isa = PBXNativeTarget;
			buildConfigurationList = DDB92B26291B0A9B00B44050 /* Build configuration list for PBXNativeTarget "MainTests" */;
			buildPhases = (
				DDB92B0B291B0A9B00B44050 /* Sources */,
				DDB92B0C291B0A9B00B44050 /* Frameworks */,
				DDB92B0D291B0A9B00B44050 /* Resources */,
			);
			buildRules = (
			);
			dependencies = (
				DDB92B11291B0A9B00B44050 /* PBXTargetDependency */,
			);
			name = MainTests;
			productName = MainTests;
			productReference = DDB92B0F291B0A9B00B44050 /* MainTests.xctest */;
			productType = "com.apple.product-type.bundle.unit-test";
		};
		DDB92B18291B0A9B00B44050 /* MainUITests */ = {
			isa = PBXNativeTarget;
			buildConfigurationList = DDB92B29291B0A9B00B44050 /* Build configuration list for PBXNativeTarget "MainUITests" */;
			buildPhases = (
				DDB92B15291B0A9B00B44050 /* Sources */,
				DDB92B16291B0A9B00B44050 /* Frameworks */,
				DDB92B17291B0A9B00B44050 /* Resources */,
			);
			buildRules = (
			);
			dependencies = (
				DDB92B1B291B0A9B00B44050 /* PBXTargetDependency */,
			);
			name = MainUITests;
			productName = MainUITests;
			productReference = DDB92B19291B0A9B00B44050 /* MainUITests.xctest */;
			productType = "com.apple.product-type.bundle.ui-testing";
		};
/* End PBXNativeTarget section */

/* Begin PBXProject section */
		DDB92AF7291B0A9800B44050 /* Project object */ = {
			isa = PBXProject;
			attributes = {
				BuildIndependentTargetsInParallel = 1;
				LastSwiftUpdateCheck = 1410;
				LastUpgradeCheck = 1410;
				TargetAttributes = {
					DDB92AFE291B0A9800B44050 = {
						CreatedOnToolsVersion = 14.1;
					};
					DDB92B0E291B0A9B00B44050 = {
						CreatedOnToolsVersion = 14.1;
						TestTargetID = DDB92AFE291B0A9800B44050;
					};
					DDB92B18291B0A9B00B44050 = {
						CreatedOnToolsVersion = 14.1;
						TestTargetID = DDB92AFE291B0A9800B44050;
					};
				};
			};
			buildConfigurationList = DDB92AFA291B0A9800B44050 /* Build configuration list for PBXProject "Main" */;
			compatibilityVersion = "Xcode 14.0";
			developmentRegion = en;
			hasScannedForEncodings = 0;
			knownRegions = (
				en,
				Base,
			);
			mainGroup = DDB92AF6291B0A9800B44050;
			productRefGroup = DDB92B00291B0A9800B44050 /* Products */;
			projectDirPath = "";
			projectRoot = "";
			targets = (
				DDB92AFE291B0A9800B44050 /* Main */,
				DDB92B0E291B0A9B00B44050 /* MainTests */,
				DDB92B18291B0A9B00B44050 /* MainUITests */,
			);
		};
/* End PBXProject section */

/* Begin PBXResourcesBuildPhase section */
		DDB92AFD291B0A9800B44050 /* Resources */ = {
			isa = PBXResourcesBuildPhase;
			buildActionMask = 2147483647;
			files = (
				DDB92B0A291B0A9B00B44050 /* Preview Assets.xcassets in Resources */,
				DDB92B07291B0A9B00B44050 /* Assets.xcassets in Resources */,
			);
			runOnlyForDeploymentPostprocessing = 0;
		};
		DDB92B0D291B0A9B00B44050 /* Resources */ = {
			isa = PBXResourcesBuildPhase;
			buildActionMask = 2147483647;
			files = (
			);
			runOnlyForDeploymentPostprocessing = 0;
		};
		DDB92B17291B0A9B00B44050 /* Resources */ = {
			isa = PBXResourcesBuildPhase;
			buildActionMask = 2147483647;
			files = (
			);
			runOnlyForDeploymentPostprocessing = 0;
		};
/* End PBXResourcesBuildPhase section */

/* Begin PBXSourcesBuildPhase section */
		DDB92AFB291B0A9800B44050 /* Sources */ = {
			isa = PBXSourcesBuildPhase;
			buildActionMask = 2147483647;
			files = (
				DDB92B05291B0A9800B44050 /* ContentView.swift in Sources */,
				DDB92B03291B0A9800B44050 /* MainApp.swift in Sources */,
			);
			runOnlyForDeploymentPostprocessing = 0;
		};
		DDB92B0B291B0A9B00B44050 /* Sources */ = {
			isa = PBXSourcesBuildPhase;
			buildActionMask = 2147483647;
			files = (
				DDB92B14291B0A9B00B44050 /* MainTests.swift in Sources */,
			);
			runOnlyForDeploymentPostprocessing = 0;
		};
		DDB92B15291B0A9B00B44050 /* Sources */ = {
			isa = PBXSourcesBuildPhase;
			buildActionMask = 2147483647;
			files = (
				DDB92B1E291B0A9B00B44050 /* MainUITests.swift in Sources */,
				DDB92B20291B0A9B00B44050 /* MainUITestsLaunchTests.swift in Sources */,
			);
			runOnlyForDeploymentPostprocessing = 0;
		};
/* End PBXSourcesBuildPhase section */

/* Begin PBXTargetDependency section */
		DDB92B11291B0A9B00B44050 /* PBXTargetDependency */ = {
			isa = PBXTargetDependency;
			target = DDB92AFE291B0A9800B44050 /* Main */;
			targetProxy = DDB92B10291B0A9B00B44050 /* PBXContainerItemProxy */;
		};
		DDB92B1B291B0A9B00B44050 /* PBXTargetDependency */ = {
			isa = PBXTargetDependency;
			target = DDB92AFE291B0A9800B44050 /* Main */;
			targetProxy = DDB92B1A291B0A9B00B44050 /* PBXContainerItemProxy */;
		};
/* End PBXTargetDependency section */

/* Begin XCBuildConfiguration section */
		DDB92B21291B0A9B00B44050 /* Debug */ = {
			isa = XCBuildConfiguration;
			buildSettings = {
				ALWAYS_SEARCH_USER_PATHS = NO;
				CLANG_ANALYZER_NONNULL = YES;
				CLANG_ANALYZER_NUMBER_OBJECT_CONVERSION = YES_AGGRESSIVE;
				CLANG_CXX_LANGUAGE_STANDARD = "gnu++20";
				CLANG_ENABLE_MODULES = YES;
				CLANG_ENABLE_OBJC_ARC = YES;
				CLANG_ENABLE_OBJC_WEAK = YES;
				CLANG_WARN_BLOCK_CAPTURE_AUTORELEASING = YES;
				CLANG_WARN_BOOL_CONVERSION = YES;
				CLANG_WARN_COMMA = YES;
				CLANG_WARN_CONSTANT_CONVERSION = YES;
				CLANG_WARN_DEPRECATED_OBJC_IMPLEMENTATIONS = YES;
				CLANG_WARN_DIRECT_OBJC_ISA_USAGE = YES_ERROR;
				CLANG_WARN_DOCUMENTATION_COMMENTS = YES;
				CLANG_WARN_EMPTY_BODY = YES;
				CLANG_WARN_ENUM_CONVERSION = YES;
				CLANG_WARN_INFINITE_RECURSION = YES;
				CLANG_WARN_INT_CONVERSION = YES;
				CLANG_WARN_NON_LITERAL_NULL_CONVERSION = YES;
				CLANG_WARN_OBJC_IMPLICIT_RETAIN_SELF = YES;
				CLANG_WARN_OBJC_LITERAL_CONVERSION = YES;
				CLANG_WARN_OBJC_ROOT_CLASS = YES_ERROR;
				CLANG_WARN_QUOTED_INCLUDE_IN_FRAMEWORK_HEADER = YES;
				CLANG_WARN_RANGE_LOOP_ANALYSIS = YES;
				CLANG_WARN_STRICT_PROTOTYPES = YES;
				CLANG_WARN_SUSPICIOUS_MOVE = YES;
				CLANG_WARN_UNGUARDED_AVAILABILITY = YES_AGGRESSIVE;
				CLANG_WARN_UNREACHABLE_CODE = YES;
				CLANG_WARN__DUPLICATE_METHOD_MATCH = YES;
				COPY_PHASE_STRIP = NO;
				DEBUG_INFORMATION_FORMAT = dwarf;
				ENABLE_STRICT_OBJC_MSGSEND = YES;
				ENABLE_TESTABILITY = YES;
				GCC_C_LANGUAGE_STANDARD = gnu11;
				GCC_DYNAMIC_NO_PIC = NO;
				GCC_NO_COMMON_BLOCKS = YES;
				GCC_OPTIMIZATION_LEVEL = 0;
				GCC_PREPROCESSOR_DEFINITIONS = (
					"DEBUG=1",
					"$(inherited)",
				);
				GCC_WARN_64_TO_32_BIT_CONVERSION = YES;
				GCC_WARN_ABOUT_RETURN_TYPE = YES_ERROR;
				GCC_WARN_UNDECLARED_SELECTOR = YES;
				GCC_WARN_UNINITIALIZED_AUTOS = YES_AGGRESSIVE;
				GCC_WARN_UNUSED_FUNCTION = YES;
				GCC_WARN_UNUSED_VARIABLE = YES;
				IPHONEOS_DEPLOYMENT_TARGET = 16.1;
				MTL_ENABLE_DEBUG_INFO = INCLUDE_SOURCE;
				MTL_FAST_MATH = YES;
				ONLY_ACTIVE_ARCH = YES;
				SDKROOT = iphoneos;
				SWIFT_ACTIVE_COMPILATION_CONDITIONS = DEBUG;
				SWIFT_OPTIMIZATION_LEVEL = "-Onone";
			};
			name = Debug;
		};
		DDB92B22291B0A9B00B44050 /* Release */ = {
			isa = XCBuildConfiguration;
			buildSettings = {
				ALWAYS_SEARCH_USER_PATHS = NO;
				CLANG_ANALYZER_NONNULL = YES;
				CLANG_ANALYZER_NUMBER_OBJECT_CONVERSION = YES_AGGRESSIVE;
				CLANG_CXX_LANGUAGE_STANDARD = "gnu++20";
				CLANG_ENABLE_MODULES = YES;
				CLANG_ENABLE_OBJC_ARC = YES;
				CLANG_ENABLE_OBJC_WEAK = YES;
				CLANG_WARN_BLOCK_CAPTURE_AUTORELEASING = YES;
				CLANG_WARN_BOOL_CONVERSION = YES;
				CLANG_WARN_COMMA = YES;
				CLANG_WARN_CONSTANT_CONVERSION = YES;
				CLANG_WARN_DEPRECATED_OBJC_IMPLEMENTATIONS = YES;
				CLANG_WARN_DIRECT_OBJC_ISA_USAGE = YES_ERROR;
				CLANG_WARN_DOCUMENTATION_COMMENTS = YES;
				CLANG_WARN_EMPTY_BODY = YES;
				CLANG_WARN_ENUM_CONVERSION = YES;
				CLANG_WARN_INFINITE_RECURSION = YES;
				CLANG_WARN_INT_CONVERSION = YES;
				CLANG_WARN_NON_LITERAL_NULL_CONVERSION = YES;
				CLANG_WARN_OBJC_IMPLICIT_RETAIN_SELF = YES;
				CLANG_WARN_OBJC_LITERAL_CONVERSION = YES;
				CLANG_WARN_OBJC_ROOT_CLASS = YES_ERROR;
				CLANG_WARN_QUOTED_INCLUDE_IN_FRAMEWORK_HEADER = YES;
				CLANG_WARN_RANGE_LOOP_ANALYSIS = YES;
				CLANG_WARN_STRICT_PROTOTYPES = YES;
				CLANG_WARN_SUSPICIOUS_MOVE = YES;
				CLANG_WARN_UNGUARDED_AVAILABILITY = YES_AGGRESSIVE;
				CLANG_WARN_UNREACHABLE_CODE = YES;
				CLANG_WARN__DUPLICATE_METHOD_MATCH = YES;
				COPY_PHASE_STRIP = NO;
				DEBUG_INFORMATION_FORMAT = "dwarf-with-dsym";
				ENABLE_NS_ASSERTIONS = NO;
				ENABLE_STRICT_OBJC_MSGSEND = YES;
				GCC_C_LANGUAGE_STANDARD = gnu11;
				GCC_NO_COMMON_BLOCKS = YES;
				GCC_WARN_64_TO_32_BIT_CONVERSION = YES;
				GCC_WARN_ABOUT_RETURN_TYPE = YES_ERROR;
				GCC_WARN_UNDECLARED_SELECTOR = YES;
				GCC_WARN_UNINITIALIZED_AUTOS = YES_AGGRESSIVE;
				GCC_WARN_UNUSED_FUNCTION = YES;
				GCC_WARN_UNUSED_VARIABLE = YES;
				IPHONEOS_DEPLOYMENT_TARGET = 16.1;
				MTL_ENABLE_DEBUG_INFO = NO;
				MTL_FAST_MATH = YES;
				SDKROOT = iphoneos;
				SWIFT_COMPILATION_MODE = wholemodule;
				SWIFT_OPTIMIZATION_LEVEL = "-O";
				VALIDATE_PRODUCT = YES;
			};
			name = Release;
		};
		DDB92B24291B0A9B00B44050 /* Debug */ = {
			isa = XCBuildConfiguration;
			buildSettings = {
				ASSETCATALOG_COMPILER_APPICON_NAME = AppIcon;
				ASSETCATALOG_COMPILER_GLOBAL_ACCENT_COLOR_NAME = AccentColor;
				CODE_SIGN_STYLE = Automatic;
				CURRENT_PROJECT_VERSION = 1;
				DEVELOPMENT_ASSET_PATHS = "\"Main/Preview Content\"";
				ENABLE_PREVIEWS = YES;
				GENERATE_INFOPLIST_FILE = YES;
				INFOPLIST_KEY_UIApplicationSceneManifest_Generation = YES;
				INFOPLIST_KEY_UIApplicationSupportsIndirectInputEvents = YES;
				INFOPLIST_KEY_UILaunchScreen_Generation = YES;
				INFOPLIST_KEY_UISupportedInterfaceOrientations_iPad = "UIInterfaceOrientationPortrait UIInterfaceOrientationPortraitUpsideDown UIInterfaceOrientationLandscapeLeft UIInterfaceOrientationLandscapeRight";
				INFOPLIST_KEY_UISupportedInterfaceOrientations_iPhone = "UIInterfaceOrientationPortrait UIInterfaceOrientationLandscapeLeft UIInterfaceOrientationLandscapeRight";
				LD_RUNPATH_SEARCH_PATHS = (
					"$(inherited)",
					"@executable_path/Frameworks",
				);
				MARKETING_VERSION = 1.0;
				PRODUCT_BUNDLE_IDENTIFIER = Main.Main;
				PRODUCT_NAME = "$(TARGET_NAME)";
				SWIFT_EMIT_LOC_STRINGS = YES;
				SWIFT_VERSION = 5.0;
				TARGETED_DEVICE_FAMILY = "1,2";
			};
			name = Debug;
		};
		DDB92B25291B0A9B00B44050 /* Release */ = {
			isa = XCBuildConfiguration;
			buildSettings = {
				ASSETCATALOG_COMPILER_APPICON_NAME = AppIcon;
				ASSETCATALOG_COMPILER_GLOBAL_ACCENT_COLOR_NAME = AccentColor;
				CODE_SIGN_STYLE = Automatic;
				CURRENT_PROJECT_VERSION = 1;
				DEVELOPMENT_ASSET_PATHS = "\"Main/Preview Content\"";
				ENABLE_PREVIEWS = YES;
				GENERATE_INFOPLIST_FILE = YES;
				INFOPLIST_KEY_UIApplicationSceneManifest_Generation = YES;
				INFOPLIST_KEY_UIApplicationSupportsIndirectInputEvents = YES;
				INFOPLIST_KEY_UILaunchScreen_Generation = YES;
				INFOPLIST_KEY_UISupportedInterfaceOrientations_iPad = "UIInterfaceOrientationPortrait UIInterfaceOrientationPortraitUpsideDown UIInterfaceOrientationLandscapeLeft UIInterfaceOrientationLandscapeRight";
				INFOPLIST_KEY_UISupportedInterfaceOrientations_iPhone = "UIInterfaceOrientationPortrait UIInterfaceOrientationLandscapeLeft UIInterfaceOrientationLandscapeRight";
				LD_RUNPATH_SEARCH_PATHS = (
					"$(inherited)",
					"@executable_path/Frameworks",
				);
				MARKETING_VERSION = 1.0;
				PRODUCT_BUNDLE_IDENTIFIER = Main.Main;
				PRODUCT_NAME = "$(TARGET_NAME)";
				SWIFT_EMIT_LOC_STRINGS = YES;
				SWIFT_VERSION = 5.0;
				TARGETED_DEVICE_FAMILY = "1,2";
			};
			name = Release;
		};
		DDB92B27291B0A9B00B44050 /* Debug */ = {
			isa = XCBuildConfiguration;
			buildSettings = {
				ALWAYS_EMBED_SWIFT_STANDARD_LIBRARIES = YES;
				BUNDLE_LOADER = "$(TEST_HOST)";
				CODE_SIGN_STYLE = Automatic;
				CURRENT_PROJECT_VERSION = 1;
				GENERATE_INFOPLIST_FILE = YES;
				IPHONEOS_DEPLOYMENT_TARGET = 16.1;
				MARKETING_VERSION = 1.0;
				PRODUCT_BUNDLE_IDENTIFIER = Main.MainTests;
				PRODUCT_NAME = "$(TARGET_NAME)";
				SWIFT_EMIT_LOC_STRINGS = NO;
				SWIFT_VERSION = 5.0;
				TARGETED_DEVICE_FAMILY = "1,2";
				TEST_HOST = "$(BUILT_PRODUCTS_DIR)/Main.app/$(BUNDLE_EXECUTABLE_FOLDER_PATH)/Main";
			};
			name = Debug;
		};
		DDB92B28291B0A9B00B44050 /* Release */ = {
			isa = XCBuildConfiguration;
			buildSettings = {
				ALWAYS_EMBED_SWIFT_STANDARD_LIBRARIES = YES;
				BUNDLE_LOADER = "$(TEST_HOST)";
				CODE_SIGN_STYLE = Automatic;
				CURRENT_PROJECT_VERSION = 1;
				GENERATE_INFOPLIST_FILE = YES;
				IPHONEOS_DEPLOYMENT_TARGET = 16.1;
				MARKETING_VERSION = 1.0;
				PRODUCT_BUNDLE_IDENTIFIER = Main.MainTests;
				PRODUCT_NAME = "$(TARGET_NAME)";
				SWIFT_EMIT_LOC_STRINGS = NO;
				SWIFT_VERSION = 5.0;
				TARGETED_DEVICE_FAMILY = "1,2";
				TEST_HOST = "$(BUILT_PRODUCTS_DIR)/Main.app/$(BUNDLE_EXECUTABLE_FOLDER_PATH)/Main";
			};
			name = Release;
		};
		DDB92B2A291B0A9B00B44050 /* Debug */ = {
			isa = XCBuildConfiguration;
			buildSettings = {
				ALWAYS_EMBED_SWIFT_STANDARD_LIBRARIES = YES;
				CODE_SIGN_STYLE = Automatic;
				CURRENT_PROJECT_VERSION = 1;
				GENERATE_INFOPLIST_FILE = YES;
				MARKETING_VERSION = 1.0;
				PRODUCT_BUNDLE_IDENTIFIER = Main.MainUITests;
				PRODUCT_NAME = "$(TARGET_NAME)";
				SWIFT_EMIT_LOC_STRINGS = NO;
				SWIFT_VERSION = 5.0;
				TARGETED_DEVICE_FAMILY = "1,2";
				TEST_TARGET_NAME = Main;
			};
			name = Debug;
		};
		DDB92B2B291B0A9B00B44050 /* Release */ = {
			isa = XCBuildConfiguration;
			buildSettings = {
				ALWAYS_EMBED_SWIFT_STANDARD_LIBRARIES = YES;
				CODE_SIGN_STYLE = Automatic;
				CURRENT_PROJECT_VERSION = 1;
				GENERATE_INFOPLIST_FILE = YES;
				MARKETING_VERSION = 1.0;
				PRODUCT_BUNDLE_IDENTIFIER = Main.MainUITests;
				PRODUCT_NAME = "$(TARGET_NAME)";
				SWIFT_EMIT_LOC_STRINGS = NO;
				SWIFT_VERSION = 5.0;
				TARGETED_DEVICE_FAMILY = "1,2";
				TEST_TARGET_NAME = Main;
			};
			name = Release;
		};
/* End XCBuildConfiguration section */

/* Begin XCConfigurationList section */
		DDB92AFA291B0A9800B44050 /* Build configuration list for PBXProject "Main" */ = {
			isa = XCConfigurationList;
			buildConfigurations = (
				DDB92B21291B0A9B00B44050 /* Debug */,
				DDB92B22291B0A9B00B44050 /* Release */,
			);
			defaultConfigurationIsVisible = 0;
			defaultConfigurationName = Release;
		};
		DDB92B23291B0A9B00B44050 /* Build configuration list for PBXNativeTarget "Main" */ = {
			isa = XCConfigurationList;
			buildConfigurations = (
				DDB92B24291B0A9B00B44050 /* Debug */,
				DDB92B25291B0A9B00B44050 /* Release */,
			);
			defaultConfigurationIsVisible = 0;
			defaultConfigurationName = Release;
		};
		DDB92B26291B0A9B00B44050 /* Build configuration list for PBXNativeTarget "MainTests" */ = {
			isa = XCConfigurationList;
			buildConfigurations = (
				DDB92B27291B0A9B00B44050 /* Debug */,
				DDB92B28291B0A9B00B44050 /* Release */,
			);
			defaultConfigurationIsVisible = 0;
			defaultConfigurationName = Release;
		};
		DDB92B29291B0A9B00B44050 /* Build configuration list for PBXNativeTarget "MainUITests" */ = {
			isa = XCConfigurationList;
			buildConfigurations = (
				DDB92B2A291B0A9B00B44050 /* Debug */,
				DDB92B2B291B0A9B00B44050 /* Release */,
			);
			defaultConfigurationIsVisible = 0;
			defaultConfigurationName = Release;
		};
/* End XCConfigurationList section */
	};
	rootObject = DDB92AF7291B0A9800B44050 /* Project object */;
}
